
Microsoft Visual Studio Solution File, Format Version 12.00
# Visual Studio Express 2013 for Windows Desktop
VisualStudioVersion = 12.0.30723.0
MinimumVisualStudioVersion = 10.0.40219.1
Project("{FAE04EC0-301F-11D3-BF4B-00C04F79EFBC}") = "S4ClientLibrary", "S4ClientLibrary\S4ClientLibrary.csproj", "{84C1C70A-22DA-4979-AA3D-ABC3EC45CCDA}"
EndProject
Project("{2150E333-8FDC-42A3-9474-1A3956D46DE8}") = ".nuget", ".nuget", "{0D0F4E5D-AEBD-4CFF-8729-7D98CDDA5828}"
	ProjectSection(SolutionItems) = preProject
		.nuget\NuGet.Config = .nuget\NuGet.Config
		.nuget\NuGet.exe = .nuget\NuGet.exe
		.nuget\NuGet.targets = .nuget\NuGet.targets
	EndProjectSection
EndProject
Global
	GlobalSection(SolutionConfigurationPlatforms) = preSolution
		Debug|Any CPU = Debug|Any CPU
		Release|Any CPU = Release|Any CPU
	EndGlobalSection
	GlobalSection(ProjectConfigurationPlatforms) = postSolution
		{84C1C70A-22DA-4979-AA3D-ABC3EC45CCDA}.Debug|Any CPU.ActiveCfg = Debug|Any CPU
		{84C1C70A-22DA-4979-AA3D-ABC3EC45CCDA}.Debug|Any CPU.Build.0 = Debug|Any CPU
		{84C1C70A-22DA-4979-AA3D-ABC3EC45CCDA}.Release|Any CPU.ActiveCfg = Release|Any CPU
		{84C1C70A-22DA-4979-AA3D-ABC3EC45CCDA}.Release|Any CPU.Build.0 = Release|Any CPU
	EndGlobalSection
	GlobalSection(SolutionProperties) = preSolution
		HideSolutionNode = FALSE
	EndGlobalSection
EndGlobal
