
Microsoft Visual Studio Solution File, Format Version 12.00
# Visual Studio 2012
Project("{FAE04EC0-301F-11D3-BF4B-00C04F79EFBC}") = "ServiceSamples", "ServiceSamples\ServiceSamples.csproj", "{6F3F7257-121C-47FA-BB1B-06498B6D950D}"
EndProject
Global
	GlobalSection(SolutionConfigurationPlatforms) = preSolution
		Debug|Any CPU = Debug|Any CPU
		Release|Any CPU = Release|Any CPU
	EndGlobalSection
	GlobalSection(ProjectConfigurationPlatforms) = postSolution
		{6F3F7257-121C-47FA-BB1B-06498B6D950D}.Debug|Any CPU.ActiveCfg = Debug|Any CPU
		{6F3F7257-121C-47FA-BB1B-06498B6D950D}.Debug|Any CPU.Build.0 = Debug|Any CPU
		{6F3F7257-121C-47FA-BB1B-06498B6D950D}.Release|Any CPU.ActiveCfg = Release|Any CPU
		{6F3F7257-121C-47FA-BB1B-06498B6D950D}.Release|Any CPU.Build.0 = Release|Any CPU
	EndGlobalSection
	GlobalSection(SolutionProperties) = preSolution
		HideSolutionNode = FALSE
	EndGlobalSection
EndGlobal
